// !$*UTF8*$!
{
	archiveVersion = 1;
	classes = {
	};
	objectVersion = 46;
	objects = {

/* Begin PBXBuildFile section */
		7646373E1EB07E1000423E7E /* AppDelegate.swift in Sources */ = {isa = PBXBuildFile; fileRef = 7646373D1EB07E1000423E7E /* AppDelegate.swift */; };
		764637401EB07E1000423E7E /* ViewController.swift in Sources */ = {isa = PBXBuildFile; fileRef = 7646373F1EB07E1000423E7E /* ViewController.swift */; };
		764637431EB07E1000423E7E /* Main.storyboard in Resources */ = {isa = PBXBuildFile; fileRef = 764637411EB07E1000423E7E /* Main.storyboard */; };
		764637451EB07E1000423E7E /* Assets.xcassets in Resources */ = {isa = PBXBuildFile; fileRef = 764637441EB07E1000423E7E /* Assets.xcassets */; };
		764637481EB07E1000423E7E /* LaunchScreen.storyboard in Resources */ = {isa = PBXBuildFile; fileRef = 764637461EB07E1000423E7E /* LaunchScreen.storyboard */; };
		764637531EB07E1100423E7E /* FlickrSearchTests.swift in Sources */ = {isa = PBXBuildFile; fileRef = 764637521EB07E1100423E7E /* FlickrSearchTests.swift */; };
		7646375E1EB07E1100423E7E /* FlickrSearchUITests.swift in Sources */ = {isa = PBXBuildFile; fileRef = 7646375D1EB07E1100423E7E /* FlickrSearchUITests.swift */; };
/* End PBXBuildFile section */

/* Begin PBXContainerItemProxy section */
		7646374F1EB07E1100423E7E /* PBXContainerItemProxy */ = {
			isa = PBXContainerItemProxy;
			containerPortal = 764637321EB07E1000423E7E /* Project object */;
			proxyType = 1;
			remoteGlobalIDString = 764637391EB07E1000423E7E;
			remoteInfo = FlickrSearch;
		};
		7646375A1EB07E1100423E7E /* PBXContainerItemProxy */ = {
			isa = PBXContainerItemProxy;
			containerPortal = 764637321EB07E1000423E7E /* Project object */;
			proxyType = 1;
			remoteGlobalIDString = 764637391EB07E1000423E7E;
			remoteInfo = FlickrSearch;
		};
/* End PBXContainerItemProxy section */

/* Begin PBXFileReference section */
		7646373A1EB07E1000423E7E /* FlickrSearch.app */ = {isa = PBXFileReference; explicitFileType = wrapper.application; includeInIndex = 0; path = FlickrSearch.app; sourceTree = BUILT_PRODUCTS_DIR; };
		7646373D1EB07E1000423E7E /* AppDelegate.swift */ = {isa = PBXFileReference; lastKnownFileType = sourcecode.swift; path = AppDelegate.swift; sourceTree = "<group>"; };
		7646373F1EB07E1000423E7E /* ViewController.swift */ = {isa = PBXFileReference; lastKnownFileType = sourcecode.swift; path = ViewController.swift; sourceTree = "<group>"; };
		764637421EB07E1000423E7E /* Base */ = {isa = PBXFileReference; lastKnownFileType = file.storyboard; name = Base; path = Base.lproj/Main.storyboard; sourceTree = "<group>"; };
		764637441EB07E1000423E7E /* Assets.xcassets */ = {isa = PBXFileReference; lastKnownFileType = folder.assetcatalog; path = Assets.xcassets; sourceTree = "<group>"; };
		764637471EB07E1000423E7E /* Base */ = {isa = PBXFileReference; lastKnownFileType = file.storyboard; name = Base; path = Base.lproj/LaunchScreen.storyboard; sourceTree = "<group>"; };
		764637491EB07E1000423E7E /* Info.plist */ = {isa = PBXFileReference; lastKnownFileType = text.plist.xml; path = Info.plist; sourceTree = "<group>"; };
		7646374E1EB07E1100423E7E /* FlickrSearchTests.xctest */ = {isa = PBXFileReference; explicitFileType = wrapper.cfbundle; includeInIndex = 0; path = FlickrSearchTests.xctest; sourceTree = BUILT_PRODUCTS_DIR; };
		764637521EB07E1100423E7E /* FlickrSearchTests.swift */ = {isa = PBXFileReference; lastKnownFileType = sourcecode.swift; path = FlickrSearchTests.swift; sourceTree = "<group>"; };
		764637541EB07E1100423E7E /* Info.plist */ = {isa = PBXFileReference; lastKnownFileType = text.plist.xml; path = Info.plist; sourceTree = "<group>"; };
		764637591EB07E1100423E7E /* FlickrSearchUITests.xctest */ = {isa = PBXFileReference; explicitFileType = wrapper.cfbundle; includeInIndex = 0; path = FlickrSearchUITests.xctest; sourceTree = BUILT_PRODUCTS_DIR; };
		7646375D1EB07E1100423E7E /* FlickrSearchUITests.swift */ = {isa = PBXFileReference; lastKnownFileType = sourcecode.swift; path = FlickrSearchUITests.swift; sourceTree = "<group>"; };
		7646375F1EB07E1100423E7E /* Info.plist */ = {isa = PBXFileReference; lastKnownFileType = text.plist.xml; path = Info.plist; sourceTree = "<group>"; };
/* End PBXFileReference section */

/* Begin PBXFrameworksBuildPhase section */
		764637371EB07E1000423E7E /* Frameworks */ = {
			isa = PBXFrameworksBuildPhase;
			buildActionMask = 2147483647;
			files = (
			);
			runOnlyForDeploymentPostprocessing = 0;
		};
		7646374B1EB07E1100423E7E /* Frameworks */ = {
			isa = PBXFrameworksBuildPhase;
			buildActionMask = 2147483647;
			files = (
			);
			runOnlyForDeploymentPostprocessing = 0;
		};
		764637561EB07E1100423E7E /* Frameworks */ = {
			isa = PBXFrameworksBuildPhase;
			buildActionMask = 2147483647;
			files = (
			);
			runOnlyForDeploymentPostprocessing = 0;
		};
/* End PBXFrameworksBuildPhase section */

/* Begin PBXGroup section */
		764637311EB07E1000423E7E = {
			isa = PBXGroup;
			children = (
				7646373C1EB07E1000423E7E /* FlickrSearch */,
				764637511EB07E1100423E7E /* FlickrSearchTests */,
				7646375C1EB07E1100423E7E /* FlickrSearchUITests */,
				7646373B1EB07E1000423E7E /* Products */,
			);
			sourceTree = "<group>";
		};
		7646373B1EB07E1000423E7E /* Products */ = {
			isa = PBXGroup;
			children = (
				7646373A1EB07E1000423E7E /* FlickrSearch.app */,
				7646374E1EB07E1100423E7E /* FlickrSearchTests.xctest */,
				764637591EB07E1100423E7E /* FlickrSearchUITests.xctest */,
			);
			name = Products;
			sourceTree = "<group>";
		};
		7646373C1EB07E1000423E7E /* FlickrSearch */ = {
			isa = PBXGroup;
			children = (
				7646373D1EB07E1000423E7E /* AppDelegate.swift */,
				7646373F1EB07E1000423E7E /* ViewController.swift */,
				764637411EB07E1000423E7E /* Main.storyboard */,
				764637441EB07E1000423E7E /* Assets.xcassets */,
				764637461EB07E1000423E7E /* LaunchScreen.storyboard */,
				764637491EB07E1000423E7E /* Info.plist */,
			);
			path = FlickrSearch;
			sourceTree = "<group>";
		};
		764637511EB07E1100423E7E /* FlickrSearchTests */ = {
			isa = PBXGroup;
			children = (
				764637521EB07E1100423E7E /* FlickrSearchTests.swift */,
				764637541EB07E1100423E7E /* Info.plist */,
			);
			path = FlickrSearchTests;
			sourceTree = "<group>";
		};
		7646375C1EB07E1100423E7E /* FlickrSearchUITests */ = {
			isa = PBXGroup;
			children = (
				7646375D1EB07E1100423E7E /* FlickrSearchUITests.swift */,
				7646375F1EB07E1100423E7E /* Info.plist */,
			);
			path = FlickrSearchUITests;
			sourceTree = "<group>";
		};
/* End PBXGroup section */

/* Begin PBXNativeTarget section */
		764637391EB07E1000423E7E /* FlickrSearch */ = {
			isa = PBXNativeTarget;
			buildConfigurationList = 764637621EB07E1100423E7E /* Build configuration list for PBXNativeTarget "FlickrSearch" */;
			buildPhases = (
				764637361EB07E1000423E7E /* Sources */,
				764637371EB07E1000423E7E /* Frameworks */,
				764637381EB07E1000423E7E /* Resources */,
			);
			buildRules = (
			);
			dependencies = (
			);
			name = FlickrSearch;
			productName = FlickrSearch;
			productReference = 7646373A1EB07E1000423E7E /* FlickrSearch.app */;
			productType = "com.apple.product-type.application";
		};
		7646374D1EB07E1100423E7E /* FlickrSearchTests */ = {
			isa = PBXNativeTarget;
			buildConfigurationList = 764637651EB07E1100423E7E /* Build configuration list for PBXNativeTarget "FlickrSearchTests" */;
			buildPhases = (
				7646374A1EB07E1100423E7E /* Sources */,
				7646374B1EB07E1100423E7E /* Frameworks */,
				7646374C1EB07E1100423E7E /* Resources */,
			);
			buildRules = (
			);
			dependencies = (
				764637501EB07E1100423E7E /* PBXTargetDependency */,
			);
			name = FlickrSearchTests;
			productName = FlickrSearchTests;
			productReference = 7646374E1EB07E1100423E7E /* FlickrSearchTests.xctest */;
			productType = "com.apple.product-type.bundle.unit-test";
		};
		764637581EB07E1100423E7E /* FlickrSearchUITests */ = {
			isa = PBXNativeTarget;
			buildConfigurationList = 764637681EB07E1100423E7E /* Build configuration list for PBXNativeTarget "FlickrSearchUITests" */;
			buildPhases = (
				764637551EB07E1100423E7E /* Sources */,
				764637561EB07E1100423E7E /* Frameworks */,
				764637571EB07E1100423E7E /* Resources */,
			);
			buildRules = (
			);
			dependencies = (
				7646375B1EB07E1100423E7E /* PBXTargetDependency */,
			);
			name = FlickrSearchUITests;
			productName = FlickrSearchUITests;
			productReference = 764637591EB07E1100423E7E /* FlickrSearchUITests.xctest */;
			productType = "com.apple.product-type.bundle.ui-testing";
		};
/* End PBXNativeTarget section */

/* Begin PBXProject section */
		764637321EB07E1000423E7E /* Project object */ = {
			isa = PBXProject;
			attributes = {
				LastSwiftUpdateCheck = 0830;
				LastUpgradeCheck = 0830;
				ORGANIZATIONNAME = Cntt06;
				TargetAttributes = {
					764637391EB07E1000423E7E = {
						CreatedOnToolsVersion = 8.3;
						ProvisioningStyle = Automatic;
					};
					7646374D1EB07E1100423E7E = {
						CreatedOnToolsVersion = 8.3;
						ProvisioningStyle = Automatic;
						TestTargetID = 764637391EB07E1000423E7E;
					};
					764637581EB07E1100423E7E = {
						CreatedOnToolsVersion = 8.3;
						ProvisioningStyle = Automatic;
						TestTargetID = 764637391EB07E1000423E7E;
					};
				};
			};
			buildConfigurationList = 764637351EB07E1000423E7E /* Build configuration list for PBXProject "FlickrSearch" */;
			compatibilityVersion = "Xcode 3.2";
			developmentRegion = English;
			hasScannedForEncodings = 0;
			knownRegions = (
				en,
				Base,
			);
			mainGroup = 764637311EB07E1000423E7E;
			productRefGroup = 7646373B1EB07E1000423E7E /* Products */;
			projectDirPath = "";
			projectRoot = "";
			targets = (
				764637391EB07E1000423E7E /* FlickrSearch */,
				7646374D1EB07E1100423E7E /* FlickrSearchTests */,
				764637581EB07E1100423E7E /* FlickrSearchUITests */,
			);
		};
/* End PBXProject section */

/* Begin PBXResourcesBuildPhase section */
		764637381EB07E1000423E7E /* Resources */ = {
			isa = PBXResourcesBuildPhase;
			buildActionMask = 2147483647;
			files = (
				764637481EB07E1000423E7E /* LaunchScreen.storyboard in Resources */,
				764637451EB07E1000423E7E /* Assets.xcassets in Resources */,
				764637431EB07E1000423E7E /* Main.storyboard in Resources */,
			);
			runOnlyForDeploymentPostprocessing = 0;
		};
		7646374C1EB07E1100423E7E /* Resources */ = {
			isa = PBXResourcesBuildPhase;
			buildActionMask = 2147483647;
			files = (
			);
			runOnlyForDeploymentPostprocessing = 0;
		};
		764637571EB07E1100423E7E /* Resources */ = {
			isa = PBXResourcesBuildPhase;
			buildActionMask = 2147483647;
			files = (
			);
			runOnlyForDeploymentPostprocessing = 0;
		};
/* End PBXResourcesBuildPhase section */

/* Begin PBXSourcesBuildPhase section */
		764637361EB07E1000423E7E /* Sources */ = {
			isa = PBXSourcesBuildPhase;
			buildActionMask = 2147483647;
			files = (
				764637401EB07E1000423E7E /* ViewController.swift in Sources */,
				7646373E1EB07E1000423E7E /* AppDelegate.swift in Sources */,
			);
			runOnlyForDeploymentPostprocessing = 0;
		};
		7646374A1EB07E1100423E7E /* Sources */ = {
			isa = PBXSourcesBuildPhase;
			buildActionMask = 2147483647;
			files = (
				764637531EB07E1100423E7E /* FlickrSearchTests.swift in Sources */,
			);
			runOnlyForDeploymentPostprocessing = 0;
		};
		764637551EB07E1100423E7E /* Sources */ = {
			isa = PBXSourcesBuildPhase;
			buildActionMask = 2147483647;
			files = (
				7646375E1EB07E1100423E7E /* FlickrSearchUITests.swift in Sources */,
			);
			runOnlyForDeploymentPostprocessing = 0;
		};
/* End PBXSourcesBuildPhase section */

/* Begin PBXTargetDependency section */
		764637501EB07E1100423E7E /* PBXTargetDependency */ = {
			isa = PBXTargetDependency;
			target = 764637391EB07E1000423E7E /* FlickrSearch */;
			targetProxy = 7646374F1EB07E1100423E7E /* PBXContainerItemProxy */;
		};
		7646375B1EB07E1100423E7E /* PBXTargetDependency */ = {
			isa = PBXTargetDependency;
			target = 764637391EB07E1000423E7E /* FlickrSearch */;
			targetProxy = 7646375A1EB07E1100423E7E /* PBXContainerItemProxy */;
		};
/* End PBXTargetDependency section */

/* Begin PBXVariantGroup section */
		764637411EB07E1000423E7E /* Main.storyboard */ = {
			isa = PBXVariantGroup;
			children = (
				764637421EB07E1000423E7E /* Base */,
			);
			name = Main.storyboard;
			sourceTree = "<group>";
		};
		764637461EB07E1000423E7E /* LaunchScreen.storyboard */ = {
			isa = PBXVariantGroup;
			children = (
				764637471EB07E1000423E7E /* Base */,
			);
			name = LaunchScreen.storyboard;
			sourceTree = "<group>";
		};
/* End PBXVariantGroup section */

/* Begin XCBuildConfiguration section */
		764637601EB07E1100423E7E /* Debug */ = {
			isa = XCBuildConfiguration;
			buildSettings = {
				ALWAYS_SEARCH_USER_PATHS = NO;
				CLANG_ANALYZER_NONNULL = YES;
				CLANG_ANALYZER_NUMBER_OBJECT_CONVERSION = YES_AGGRESSIVE;
				CLANG_CXX_LANGUAGE_STANDARD = "gnu++0x";
				CLANG_CXX_LIBRARY = "libc++";
				CLANG_ENABLE_MODULES = YES;
				CLANG_ENABLE_OBJC_ARC = YES;
				CLANG_WARN_BOOL_CONVERSION = YES;
				CLANG_WARN_CONSTANT_CONVERSION = YES;
				CLANG_WARN_DIRECT_OBJC_ISA_USAGE = YES_ERROR;
				CLANG_WARN_DOCUMENTATION_COMMENTS = YES;
				CLANG_WARN_EMPTY_BODY = YES;
				CLANG_WARN_ENUM_CONVERSION = YES;
				CLANG_WARN_INFINITE_RECURSION = YES;
				CLANG_WARN_INT_CONVERSION = YES;
				CLANG_WARN_OBJC_ROOT_CLASS = YES_ERROR;
				CLANG_WARN_SUSPICIOUS_MOVE = YES;
				CLANG_WARN_UNREACHABLE_CODE = YES;
				CLANG_WARN__DUPLICATE_METHOD_MATCH = YES;
				"CODE_SIGN_IDENTITY[sdk=iphoneos*]" = "iPhone Developer";
				COPY_PHASE_STRIP = NO;
				DEBUG_INFORMATION_FORMAT = dwarf;
				ENABLE_STRICT_OBJC_MSGSEND = YES;
				ENABLE_TESTABILITY = YES;
				GCC_C_LANGUAGE_STANDARD = gnu99;
				GCC_DYNAMIC_NO_PIC = NO;
				GCC_NO_COMMON_BLOCKS = YES;
				GCC_OPTIMIZATION_LEVEL = 0;
				GCC_PREPROCESSOR_DEFINITIONS = (
					"DEBUG=1",
					"$(inherited)",
				);
				GCC_WARN_64_TO_32_BIT_CONVERSION = YES;
				GCC_WARN_ABOUT_RETURN_TYPE = YES_ERROR;
				GCC_WARN_UNDECLARED_SELECTOR = YES;
				GCC_WARN_UNINITIALIZED_AUTOS = YES_AGGRESSIVE;
				GCC_WARN_UNUSED_FUNCTION = YES;
				GCC_WARN_UNUSED_VARIABLE = YES;
				IPHONEOS_DEPLOYMENT_TARGET = 10.3;
				MTL_ENABLE_DEBUG_INFO = YES;
				ONLY_ACTIVE_ARCH = YES;
				SDKROOT = iphoneos;
				SWIFT_ACTIVE_COMPILATION_CONDITIONS = DEBUG;
				SWIFT_OPTIMIZATION_LEVEL = "-Onone";
				TARGETED_DEVICE_FAMILY = "1,2";
			};
			name = Debug;
		};
		764637611EB07E1100423E7E /* Release */ = {
			isa = XCBuildConfiguration;
			buildSettings = {
				ALWAYS_SEARCH_USER_PATHS = NO;
				CLANG_ANALYZER_NONNULL = YES;
				CLANG_ANALYZER_NUMBER_OBJECT_CONVERSION = YES_AGGRESSIVE;
				CLANG_CXX_LANGUAGE_STANDARD = "gnu++0x";
				CLANG_CXX_LIBRARY = "libc++";
				CLANG_ENABLE_MODULES = YES;
				CLANG_ENABLE_OBJC_ARC = YES;
				CLANG_WARN_BOOL_CONVERSION = YES;
				CLANG_WARN_CONSTANT_CONVERSION = YES;
				CLANG_WARN_DIRECT_OBJC_ISA_USAGE = YES_ERROR;
				CLANG_WARN_DOCUMENTATION_COMMENTS = YES;
				CLANG_WARN_EMPTY_BODY = YES;
				CLANG_WARN_ENUM_CONVERSION = YES;
				CLANG_WARN_INFINITE_RECURSION = YES;
				CLANG_WARN_INT_CONVERSION = YES;
				CLANG_WARN_OBJC_ROOT_CLASS = YES_ERROR;
				CLANG_WARN_SUSPICIOUS_MOVE = YES;
				CLANG_WARN_UNREACHABLE_CODE = YES;
				CLANG_WARN__DUPLICATE_METHOD_MATCH = YES;
				"CODE_SIGN_IDENTITY[sdk=iphoneos*]" = "iPhone Developer";
				COPY_PHASE_STRIP = NO;
				DEBUG_INFORMATION_FORMAT = "dwarf-with-dsym";
				ENABLE_NS_ASSERTIONS = NO;
				ENABLE_STRICT_OBJC_MSGSEND = YES;
				GCC_C_LANGUAGE_STANDARD = gnu99;
				GCC_NO_COMMON_BLOCKS = YES;
				GCC_WARN_64_TO_32_BIT_CONVERSION = YES;
				GCC_WARN_ABOUT_RETURN_TYPE = YES_ERROR;
				GCC_WARN_UNDECLARED_SELECTOR = YES;
				GCC_WARN_UNINITIALIZED_AUTOS = YES_AGGRESSIVE;
				GCC_WARN_UNUSED_FUNCTION = YES;
				GCC_WARN_UNUSED_VARIABLE = YES;
				IPHONEOS_DEPLOYMENT_TARGET = 10.3;
				MTL_ENABLE_DEBUG_INFO = NO;
				SDKROOT = iphoneos;
				SWIFT_OPTIMIZATION_LEVEL = "-Owholemodule";
				TARGETED_DEVICE_FAMILY = "1,2";
				VALIDATE_PRODUCT = YES;
			};
			name = Release;
		};
		764637631EB07E1100423E7E /* Debug */ = {
			isa = XCBuildConfiguration;
			buildSettings = {
				ASSETCATALOG_COMPILER_APPICON_NAME = AppIcon;
				INFOPLIST_FILE = FlickrSearch/Info.plist;
				LD_RUNPATH_SEARCH_PATHS = "$(inherited) @executable_path/Frameworks";
				PRODUCT_BUNDLE_IDENTIFIER = thanh.FlickrSearch;
				PRODUCT_NAME = "$(TARGET_NAME)";
				SWIFT_VERSION = 3.0;
			};
			name = Debug;
		};
		764637641EB07E1100423E7E /* Release */ = {
			isa = XCBuildConfiguration;
			buildSettings = {
				ASSETCATALOG_COMPILER_APPICON_NAME = AppIcon;
				INFOPLIST_FILE = FlickrSearch/Info.plist;
				LD_RUNPATH_SEARCH_PATHS = "$(inherited) @executable_path/Frameworks";
				PRODUCT_BUNDLE_IDENTIFIER = thanh.FlickrSearch;
				PRODUCT_NAME = "$(TARGET_NAME)";
				SWIFT_VERSION = 3.0;
			};
			name = Release;
		};
		764637661EB07E1100423E7E /* Debug */ = {
			isa = XCBuildConfiguration;
			buildSettings = {
				ALWAYS_EMBED_SWIFT_STANDARD_LIBRARIES = YES;
				BUNDLE_LOADER = "$(TEST_HOST)";
				INFOPLIST_FILE = FlickrSearchTests/Info.plist;
				LD_RUNPATH_SEARCH_PATHS = "$(inherited) @executable_path/Frameworks @loader_path/Frameworks";
				PRODUCT_BUNDLE_IDENTIFIER = thanh.FlickrSearchTests;
				PRODUCT_NAME = "$(TARGET_NAME)";
				SWIFT_VERSION = 3.0;
				TEST_HOST = "$(BUILT_PRODUCTS_DIR)/FlickrSearch.app/FlickrSearch";
			};
			name = Debug;
		};
		764637671EB07E1100423E7E /* Release */ = {
			isa = XCBuildConfiguration;
			buildSettings = {
				ALWAYS_EMBED_SWIFT_STANDARD_LIBRARIES = YES;
				BUNDLE_LOADER = "$(TEST_HOST)";
				INFOPLIST_FILE = FlickrSearchTests/Info.plist;
				LD_RUNPATH_SEARCH_PATHS = "$(inherited) @executable_path/Frameworks @loader_path/Frameworks";
				PRODUCT_BUNDLE_IDENTIFIER = thanh.FlickrSearchTests;
				PRODUCT_NAME = "$(TARGET_NAME)";
				SWIFT_VERSION = 3.0;
				TEST_HOST = "$(BUILT_PRODUCTS_DIR)/FlickrSearch.app/FlickrSearch";
			};
			name = Release;
		};
		764637691EB07E1100423E7E /* Debug */ = {
			isa = XCBuildConfiguration;
			buildSettings = {
				ALWAYS_EMBED_SWIFT_STANDARD_LIBRARIES = YES;
				INFOPLIST_FILE = FlickrSearchUITests/Info.plist;
				LD_RUNPATH_SEARCH_PATHS = "$(inherited) @executable_path/Frameworks @loader_path/Frameworks";
				PRODUCT_BUNDLE_IDENTIFIER = thanh.FlickrSearchUITests;
				PRODUCT_NAME = "$(TARGET_NAME)";
				SWIFT_VERSION = 3.0;
				TEST_TARGET_NAME = FlickrSearch;
			};
			name = Debug;
		};
		7646376A1EB07E1100423E7E /* Release */ = {
			isa = XCBuildConfiguration;
			buildSettings = {
				ALWAYS_EMBED_SWIFT_STANDARD_LIBRARIES = YES;
				INFOPLIST_FILE = FlickrSearchUITests/Info.plist;
				LD_RUNPATH_SEARCH_PATHS = "$(inherited) @executable_path/Frameworks @loader_path/Frameworks";
				PRODUCT_BUNDLE_IDENTIFIER = thanh.FlickrSearchUITests;
				PRODUCT_NAME = "$(TARGET_NAME)";
				SWIFT_VERSION = 3.0;
				TEST_TARGET_NAME = FlickrSearch;
			};
			name = Release;
		};
/* End XCBuildConfiguration section */

/* Begin XCConfigurationList section */
		764637351EB07E1000423E7E /* Build configuration list for PBXProject "FlickrSearch" */ = {
			isa = XCConfigurationList;
			buildConfigurations = (
				764637601EB07E1100423E7E /* Debug */,
				764637611EB07E1100423E7E /* Release */,
			);
			defaultConfigurationIsVisible = 0;
			defaultConfigurationName = Release;
		};
		764637621EB07E1100423E7E /* Build configuration list for PBXNativeTarget "FlickrSearch" */ = {
			isa = XCConfigurationList;
			buildConfigurations = (
				764637631EB07E1100423E7E /* Debug */,
				764637641EB07E1100423E7E /* Release */,
			);
			defaultConfigurationIsVisible = 0;
		};
		764637651EB07E1100423E7E /* Build configuration list for PBXNativeTarget "FlickrSearchTests" */ = {
			isa = XCConfigurationList;
			buildConfigurations = (
				764637661EB07E1100423E7E /* Debug */,
				764637671EB07E1100423E7E /* Release */,
			);
			defaultConfigurationIsVisible = 0;
		};
		764637681EB07E1100423E7E /* Build configuration list for PBXNativeTarget "FlickrSearchUITests" */ = {
			isa = XCConfigurationList;
			buildConfigurations = (
				764637691EB07E1100423E7E /* Debug */,
				7646376A1EB07E1100423E7E /* Release */,
			);
			defaultConfigurationIsVisible = 0;
		};
/* End XCConfigurationList section */
	};
	rootObject = 764637321EB07E1000423E7E /* Project object */;
}
